Microsoft Visual Studio Solution File, Format Version 12.00
# Visual Studio Version 17
VisualStudioVersion = 17.5.2.0
MinimumVisualStudioVersion = 10.0.40219.1
Project("{FAE04EC0-301F-11D3-BF4B-00C04F79EFBC}") = "BlogAssignment", "BlogAssignment.csproj", "{77B3CBE4-880F-0C43-1F5A-AFF9798973F7}"
EndProject
Global
	GlobalSection(SolutionConfigurationPlatforms) = preSolution
		Debug|Any CPU = Debug|Any CPU
		Release|Any CPU = Release|Any CPU
	EndGlobalSection
	GlobalSection(ProjectConfigurationPlatforms) = postSolution
		{77B3CBE4-880F-0C43-1F5A-AFF9798973F7}.Debug|Any CPU.ActiveCfg = Debug|Any CPU
		{77B3CBE4-880F-0C43-1F5A-AFF9798973F7}.Debug|Any CPU.Build.0 = Debug|Any CPU
		{77B3CBE4-880F-0C43-1F5A-AFF9798973F7}.Release|Any CPU.ActiveCfg = Release|Any CPU
		{77B3CBE4-880F-0C43-1F5A-AFF9798973F7}.Release|Any CPU.Build.0 = Release|Any CPU
	EndGlobalSection
	GlobalSection(SolutionProperties) = preSolution
		HideSolutionNode = FALSE
	EndGlobalSection
	GlobalSection(ExtensibilityGlobals) = postSolution
		SolutionGuid = {4CDA5C36-9248-4933-93AA-3E73EA2F46F6}
	EndGlobalSection
EndGlobal
